// !$*UTF8*$!
{
	archiveVersion = 1;
	classes = {
	};
	objectVersion = 50;
	objects = {

/* Begin PBXBuildFile section */
		426F035120C09BA300A7E790 /* ARCloud.swift in Sources */ = {isa = PBXBuildFile; fileRef = 426F035020C09BA300A7E790 /* ARCloud.swift */; };
		426F035320C09F6600A7E790 /* MapListController.swift in Sources */ = {isa = PBXBuildFile; fileRef = 426F035220C09F6600A7E790 /* MapListController.swift */; };
		426F035420C1F6C700A7E790 /* RMCore.framework in Frameworks */ = {isa = PBXBuildFile; fileRef = 53C8D3DC20BF37E600F993DB /* RMCore.framework */; };
		426F035520C1F6C700A7E790 /* RMCore.framework in Embed Frameworks */ = {isa = PBXBuildFile; fileRef = 53C8D3DC20BF37E600F993DB /* RMCore.framework */; settings = {ATTRIBUTES = (CodeSignOnCopy, RemoveHeadersOnCopy, ); }; };
		426F035720C1F70E00A7E790 /* RMShared.framework in Frameworks */ = {isa = PBXBuildFile; fileRef = 426F035620C1F70E00A7E790 /* RMShared.framework */; };
		426F035820C1F70E00A7E790 /* RMShared.framework in Embed Frameworks */ = {isa = PBXBuildFile; fileRef = 426F035620C1F70E00A7E790 /* RMShared.framework */; settings = {ATTRIBUTES = (CodeSignOnCopy, RemoveHeadersOnCopy, ); }; };
		426F035B20C1FFC800A7E790 /* map-thumb.png in Resources */ = {isa = PBXBuildFile; fileRef = 426F035A20C1FFC700A7E790 /* map-thumb.png */; };
		426F036020C2170300A7E790 /* WifiServiceManager.swift in Sources */ = {isa = PBXBuildFile; fileRef = 426F035C20C2170300A7E790 /* WifiServiceManager.swift */; };
		426F036120C2170300A7E790 /* ShapeManager.swift in Sources */ = {isa = PBXBuildFile; fileRef = 426F035D20C2170300A7E790 /* ShapeManager.swift */; };
		426F036320C2170300A7E790 /* ShapeType.swift in Sources */ = {isa = PBXBuildFile; fileRef = 426F035F20C2170300A7E790 /* ShapeType.swift */; };
		426F036520C22F9600A7E790 /* ImageHelper.swift in Sources */ = {isa = PBXBuildFile; fileRef = 426F036420C22F9600A7E790 /* ImageHelper.swift */; };
		426F036A20C2384A00A7E790 /* SCNVector3+Extensions.swift in Sources */ = {isa = PBXBuildFile; fileRef = 426F036720C2384A00A7E790 /* SCNVector3+Extensions.swift */; };
		426F036B20C2384A00A7E790 /* SKLine.swift in Sources */ = {isa = PBXBuildFile; fileRef = 426F036820C2384A00A7E790 /* SKLine.swift */; };
		426F036C20C2384A00A7E790 /* SCNVector4+Extensions.swift in Sources */ = {isa = PBXBuildFile; fileRef = 426F036920C2384A00A7E790 /* SCNVector4+Extensions.swift */; };
		42DA4E4820BF40610063E106 /* Placenote.framework in Frameworks */ = {isa = PBXBuildFile; fileRef = 53B7D49A20BF352B00715BB6 /* Placenote.framework */; };
		42DA4E4920BF40610063E106 /* Placenote.framework in Embed Frameworks */ = {isa = PBXBuildFile; fileRef = 53B7D49A20BF352B00715BB6 /* Placenote.framework */; settings = {ATTRIBUTES = (CodeSignOnCopy, RemoveHeadersOnCopy, ); }; };
		42DA4E4A20BF40610063E106 /* PlacenoteSDK.framework in Frameworks */ = {isa = PBXBuildFile; fileRef = 53B7D49520BF349800715BB6 /* PlacenoteSDK.framework */; };
		42DA4E4B20BF40610063E106 /* PlacenoteSDK.framework in Embed Frameworks */ = {isa = PBXBuildFile; fileRef = 53B7D49520BF349800715BB6 /* PlacenoteSDK.framework */; settings = {ATTRIBUTES = (CodeSignOnCopy, RemoveHeadersOnCopy, ); }; };
		42F4B59B20C3148F0064C31A /* SCN+Codable.swift in Sources */ = {isa = PBXBuildFile; fileRef = 42F4B59A20C3148F0064C31A /* SCN+Codable.swift */; };
		42F4B5A020C31A3B0064C31A /* RobotMessages.swift in Sources */ = {isa = PBXBuildFile; fileRef = 42F4B59C20C314B40064C31A /* RobotMessages.swift */; };
		42F4B5A420C327090064C31A /* bot-wifi@2x.png in Resources */ = {isa = PBXBuildFile; fileRef = 42F4B5A120C327090064C31A /* bot-wifi@2x.png */; };
		42F4B5A520C327090064C31A /* bot-plug@2x.png in Resources */ = {isa = PBXBuildFile; fileRef = 42F4B5A220C327090064C31A /* bot-plug@2x.png */; };
		42F4B5A620C327090064C31A /* bot@2x.png in Resources */ = {isa = PBXBuildFile; fileRef = 42F4B5A320C327090064C31A /* bot@2x.png */; };
		42F4B5A820C338E70064C31A /* pin.scn in Resources */ = {isa = PBXBuildFile; fileRef = 42F4B5A720C338E70064C31A /* pin.scn */; };
		42F4B5AA20C345D90064C31A /* TouchDriveView.swift in Sources */ = {isa = PBXBuildFile; fileRef = 42F4B5A920C345D90064C31A /* TouchDriveView.swift */; };
		5314B20120BE97420024AAE3 /* AppDelegate.swift in Sources */ = {isa = PBXBuildFile; fileRef = 5314B20020BE97420024AAE3 /* AppDelegate.swift */; };
		5314B20320BE97420024AAE3 /* ViewController.swift in Sources */ = {isa = PBXBuildFile; fileRef = 5314B20220BE97420024AAE3 /* ViewController.swift */; };
		5314B20620BE97420024AAE3 /* Main.storyboard in Resources */ = {isa = PBXBuildFile; fileRef = 5314B20420BE97420024AAE3 /* Main.storyboard */; };
		5314B20820BE97430024AAE3 /* Assets.xcassets in Resources */ = {isa = PBXBuildFile; fileRef = 5314B20720BE97430024AAE3 /* Assets.xcassets */; };
		5314B20B20BE97430024AAE3 /* LaunchScreen.storyboard in Resources */ = {isa = PBXBuildFile; fileRef = 5314B20920BE97430024AAE3 /* LaunchScreen.storyboard */; };
		53C8D3D220BF366600F993DB /* CocoaLumberjack.framework in Frameworks */ = {isa = PBXBuildFile; fileRef = 53C8D3D120BF366600F993DB /* CocoaLumberjack.framework */; };
		53C8D3D420BF36BD00F993DB /* CocoaLumberjack.framework in Embed Frameworks */ = {isa = PBXBuildFile; fileRef = 53C8D3D120BF366600F993DB /* CocoaLumberjack.framework */; settings = {ATTRIBUTES = (CodeSignOnCopy, RemoveHeadersOnCopy, ); }; };
		53C8D3D620BF36EB00F993DB /* SocketRocket.framework in Frameworks */ = {isa = PBXBuildFile; fileRef = 53C8D3D520BF36EA00F993DB /* SocketRocket.framework */; };
		53C8D3D820BF36F700F993DB /* SocketRocket.framework in Embed Frameworks */ = {isa = PBXBuildFile; fileRef = 53C8D3D520BF36EA00F993DB /* SocketRocket.framework */; settings = {ATTRIBUTES = (CodeSignOnCopy, RemoveHeadersOnCopy, ); }; };
		53C8D3DD20BF37E600F993DB /* RMCore.framework in Frameworks */ = {isa = PBXBuildFile; fileRef = 53C8D3DC20BF37E600F993DB /* RMCore.framework */; };
/* End PBXBuildFile section */

/* Begin PBXCopyFilesBuildPhase section */
		53B7D49920BF34D000715BB6 /* Embed Frameworks */ = {
			isa = PBXCopyFilesBuildPhase;
			buildActionMask = 2147483647;
			dstPath = "";
			dstSubfolderSpec = 10;
			files = (
				426F035820C1F70E00A7E790 /* RMShared.framework in Embed Frameworks */,
				53C8D3D420BF36BD00F993DB /* CocoaLumberjack.framework in Embed Frameworks */,
				426F035520C1F6C700A7E790 /* RMCore.framework in Embed Frameworks */,
				53C8D3D820BF36F700F993DB /* SocketRocket.framework in Embed Frameworks */,
				42DA4E4920BF40610063E106 /* Placenote.framework in Embed Frameworks */,
				42DA4E4B20BF40610063E106 /* PlacenoteSDK.framework in Embed Frameworks */,
			);
			name = "Embed Frameworks";
			runOnlyForDeploymentPostprocessing = 0;
		};
/* End PBXCopyFilesBuildPhase section */

/* Begin PBXFileReference section */
		426F035020C09BA300A7E790 /* ARCloud.swift */ = {isa = PBXFileReference; lastKnownFileType = sourcecode.swift; path = ARCloud.swift; sourceTree = "<group>"; };
		426F035220C09F6600A7E790 /* MapListController.swift */ = {isa = PBXFileReference; lastKnownFileType = sourcecode.swift; path = MapListController.swift; sourceTree = "<group>"; };
		426F035620C1F70E00A7E790 /* RMShared.framework */ = {isa = PBXFileReference; lastKnownFileType = wrapper.framework; path = RMShared.framework; sourceTree = "<group>"; };
		426F035A20C1FFC700A7E790 /* map-thumb.png */ = {isa = PBXFileReference; lastKnownFileType = image.png; path = "map-thumb.png"; sourceTree = "<group>"; };
		426F035C20C2170300A7E790 /* WifiServiceManager.swift */ = {isa = PBXFileReference; fileEncoding = 4; lastKnownFileType = sourcecode.swift; path = WifiServiceManager.swift; sourceTree = "<group>"; };
		426F035D20C2170300A7E790 /* ShapeManager.swift */ = {isa = PBXFileReference; fileEncoding = 4; lastKnownFileType = sourcecode.swift; path = ShapeManager.swift; sourceTree = "<group>"; };
		426F035F20C2170300A7E790 /* ShapeType.swift */ = {isa = PBXFileReference; fileEncoding = 4; lastKnownFileType = sourcecode.swift; path = ShapeType.swift; sourceTree = "<group>"; };
		426F036420C22F9600A7E790 /* ImageHelper.swift */ = {isa = PBXFileReference; fileEncoding = 4; lastKnownFileType = sourcecode.swift; path = ImageHelper.swift; sourceTree = "<group>"; };
		426F036720C2384A00A7E790 /* SCNVector3+Extensions.swift */ = {isa = PBXFileReference; fileEncoding = 4; lastKnownFileType = sourcecode.swift; path = "SCNVector3+Extensions.swift"; sourceTree = "<group>"; };
		426F036820C2384A00A7E790 /* SKLine.swift */ = {isa = PBXFileReference; fileEncoding = 4; lastKnownFileType = sourcecode.swift; path = SKLine.swift; sourceTree = "<group>"; };
		426F036920C2384A00A7E790 /* SCNVector4+Extensions.swift */ = {isa = PBXFileReference; fileEncoding = 4; lastKnownFileType = sourcecode.swift; path = "SCNVector4+Extensions.swift"; sourceTree = "<group>"; };
		42F4B59A20C3148F0064C31A /* SCN+Codable.swift */ = {isa = PBXFileReference; lastKnownFileType = sourcecode.swift; path = "SCN+Codable.swift"; sourceTree = "<group>"; };
		42F4B59C20C314B40064C31A /* RobotMessages.swift */ = {isa = PBXFileReference; lastKnownFileType = sourcecode.swift; path = RobotMessages.swift; sourceTree = "<group>"; };
		42F4B5A120C327090064C31A /* bot-wifi@2x.png */ = {isa = PBXFileReference; lastKnownFileType = image.png; path = "bot-wifi@2x.png"; sourceTree = "<group>"; };
		42F4B5A220C327090064C31A /* bot-plug@2x.png */ = {isa = PBXFileReference; lastKnownFileType = image.png; path = "bot-plug@2x.png"; sourceTree = "<group>"; };
		42F4B5A320C327090064C31A /* bot@2x.png */ = {isa = PBXFileReference; lastKnownFileType = image.png; path = "bot@2x.png"; sourceTree = "<group>"; };
		42F4B5A720C338E70064C31A /* pin.scn */ = {isa = PBXFileReference; lastKnownFileType = file.bplist; name = pin.scn; path = HomeRobot/pin.scn; sourceTree = SOURCE_ROOT; };
		42F4B5A920C345D90064C31A /* TouchDriveView.swift */ = {isa = PBXFileReference; lastKnownFileType = sourcecode.swift; path = TouchDriveView.swift; sourceTree = "<group>"; };
		5314B1FD20BE97420024AAE3 /* HomeRobot.app */ = {isa = PBXFileReference; explicitFileType = wrapper.application; includeInIndex = 0; path = HomeRobot.app; sourceTree = BUILT_PRODUCTS_DIR; };
		5314B20020BE97420024AAE3 /* AppDelegate.swift */ = {isa = PBXFileReference; lastKnownFileType = sourcecode.swift; path = AppDelegate.swift; sourceTree = "<group>"; };
		5314B20220BE97420024AAE3 /* ViewController.swift */ = {isa = PBXFileReference; lastKnownFileType = sourcecode.swift; path = ViewController.swift; sourceTree = "<group>"; };
		5314B20520BE97420024AAE3 /* Base */ = {isa = PBXFileReference; lastKnownFileType = file.storyboard; name = Base; path = Base.lproj/Main.storyboard; sourceTree = "<group>"; };
		5314B20720BE97430024AAE3 /* Assets.xcassets */ = {isa = PBXFileReference; lastKnownFileType = folder.assetcatalog; path = Assets.xcassets; sourceTree = "<group>"; };
		5314B20A20BE97430024AAE3 /* Base */ = {isa = PBXFileReference; lastKnownFileType = file.storyboard; name = Base; path = Base.lproj/LaunchScreen.storyboard; sourceTree = "<group>"; };
		5314B20C20BE97430024AAE3 /* Info.plist */ = {isa = PBXFileReference; lastKnownFileType = text.plist.xml; path = Info.plist; sourceTree = "<group>"; };
		53B7D49520BF349800715BB6 /* PlacenoteSDK.framework */ = {isa = PBXFileReference; lastKnownFileType = wrapper.framework; path = PlacenoteSDK.framework; sourceTree = "<group>"; };
		53B7D49A20BF352B00715BB6 /* Placenote.framework */ = {isa = PBXFileReference; lastKnownFileType = wrapper.framework; path = Placenote.framework; sourceTree = "<group>"; };
		53C8D3D120BF366600F993DB /* CocoaLumberjack.framework */ = {isa = PBXFileReference; lastKnownFileType = wrapper.framework; path = CocoaLumberjack.framework; sourceTree = "<group>"; };
		53C8D3D520BF36EA00F993DB /* SocketRocket.framework */ = {isa = PBXFileReference; lastKnownFileType = wrapper.framework; path = SocketRocket.framework; sourceTree = "<group>"; };
		53C8D3D920BF379800F993DB /* HomeRobot-Bridging-Header.h */ = {isa = PBXFileReference; lastKnownFileType = sourcecode.c.h; path = "HomeRobot-Bridging-Header.h"; sourceTree = "<group>"; };
		53C8D3DC20BF37E600F993DB /* RMCore.framework */ = {isa = PBXFileReference; lastKnownFileType = wrapper.framework; path = RMCore.framework; sourceTree = "<group>"; };
/* End PBXFileReference section */

/* Begin PBXFrameworksBuildPhase section */
		5314B1FA20BE97420024AAE3 /* Frameworks */ = {
			isa = PBXFrameworksBuildPhase;
			buildActionMask = 2147483647;
			files = (
				53C8D3DD20BF37E600F993DB /* RMCore.framework in Frameworks */,
				53C8D3D220BF366600F993DB /* CocoaLumberjack.framework in Frameworks */,
				426F035720C1F70E00A7E790 /* RMShared.framework in Frameworks */,
				42DA4E4820BF40610063E106 /* Placenote.framework in Frameworks */,
				42DA4E4A20BF40610063E106 /* PlacenoteSDK.framework in Frameworks */,
				426F035420C1F6C700A7E790 /* RMCore.framework in Frameworks */,
				53C8D3D620BF36EB00F993DB /* SocketRocket.framework in Frameworks */,
			);
			runOnlyForDeploymentPostprocessing = 0;
		};
/* End PBXFrameworksBuildPhase section */

/* Begin PBXGroup section */
		426F035920C1FFC700A7E790 /* Images */ = {
			isa = PBXGroup;
			children = (
				42F4B5A720C338E70064C31A /* pin.scn */,
				42F4B5A220C327090064C31A /* bot-plug@2x.png */,
				42F4B5A120C327090064C31A /* bot-wifi@2x.png */,
				42F4B5A320C327090064C31A /* bot@2x.png */,
				426F035A20C1FFC700A7E790 /* map-thumb.png */,
			);
			path = Images;
			sourceTree = "<group>";
		};
		426F036620C2384A00A7E790 /* Utils */ = {
			isa = PBXGroup;
			children = (
				42F4B59A20C3148F0064C31A /* SCN+Codable.swift */,
				426F036720C2384A00A7E790 /* SCNVector3+Extensions.swift */,
				426F036820C2384A00A7E790 /* SKLine.swift */,
				426F036920C2384A00A7E790 /* SCNVector4+Extensions.swift */,
			);
			path = Utils;
			sourceTree = "<group>";
		};
		5314B1F420BE97420024AAE3 = {
			isa = PBXGroup;
			children = (
				5314B1FF20BE97420024AAE3 /* HomeRobot */,
				5314B1FE20BE97420024AAE3 /* Products */,
			);
			sourceTree = "<group>";
		};
		5314B1FE20BE97420024AAE3 /* Products */ = {
			isa = PBXGroup;
			children = (
				5314B1FD20BE97420024AAE3 /* HomeRobot.app */,
			);
			name = Products;
			sourceTree = "<group>";
		};
		5314B1FF20BE97420024AAE3 /* HomeRobot */ = {
			isa = PBXGroup;
			children = (
				5314B20020BE97420024AAE3 /* AppDelegate.swift */,
				5314B20220BE97420024AAE3 /* ViewController.swift */,
				426F035020C09BA300A7E790 /* ARCloud.swift */,
				426F035220C09F6600A7E790 /* MapListController.swift */,
				42F4B59C20C314B40064C31A /* RobotMessages.swift */,
				426F035D20C2170300A7E790 /* ShapeManager.swift */,
				426F035F20C2170300A7E790 /* ShapeType.swift */,
				426F036420C22F9600A7E790 /* ImageHelper.swift */,
				426F035C20C2170300A7E790 /* WifiServiceManager.swift */,
				42F4B5A920C345D90064C31A /* TouchDriveView.swift */,
				426F036620C2384A00A7E790 /* Utils */,
				5314B20420BE97420024AAE3 /* Main.storyboard */,
				5314B20720BE97430024AAE3 /* Assets.xcassets */,
				5314B20920BE97430024AAE3 /* LaunchScreen.storyboard */,
				426F035920C1FFC700A7E790 /* Images */,
				5314B20C20BE97430024AAE3 /* Info.plist */,
				53C8D3D920BF379800F993DB /* HomeRobot-Bridging-Header.h */,
				53B7D49420BF349800715BB6 /* Frameworks */,
			);
			path = HomeRobot;
			sourceTree = "<group>";
		};
		53B7D49420BF349800715BB6 /* Frameworks */ = {
			isa = PBXGroup;
			children = (
				426F035620C1F70E00A7E790 /* RMShared.framework */,
				53C8D3DC20BF37E600F993DB /* RMCore.framework */,
				53C8D3D120BF366600F993DB /* CocoaLumberjack.framework */,
				53B7D49A20BF352B00715BB6 /* Placenote.framework */,
				53B7D49520BF349800715BB6 /* PlacenoteSDK.framework */,
				53C8D3D520BF36EA00F993DB /* SocketRocket.framework */,
			);
			path = Frameworks;
			sourceTree = "<group>";
		};
/* End PBXGroup section */

/* Begin PBXNativeTarget section */
		5314B1FC20BE97420024AAE3 /* HomeRobot */ = {
			isa = PBXNativeTarget;
			buildConfigurationList = 5314B20F20BE97430024AAE3 /* Build configuration list for PBXNativeTarget "HomeRobot" */;
			buildPhases = (
				5314B1F920BE97420024AAE3 /* Sources */,
				5314B1FA20BE97420024AAE3 /* Frameworks */,
				5314B1FB20BE97420024AAE3 /* Resources */,
				53B7D49920BF34D000715BB6 /* Embed Frameworks */,
			);
			buildRules = (
			);
			dependencies = (
			);
			name = HomeRobot;
			productName = HomeRobot;
			productReference = 5314B1FD20BE97420024AAE3 /* HomeRobot.app */;
			productType = "com.apple.product-type.application";
		};
/* End PBXNativeTarget section */

/* Begin PBXProject section */
		5314B1F520BE97420024AAE3 /* Project object */ = {
			isa = PBXProject;
			attributes = {
				LastSwiftUpdateCheck = 0930;
				LastUpgradeCheck = 0930;
				ORGANIZATIONNAME = "Laan Labs";
				TargetAttributes = {
					5314B1FC20BE97420024AAE3 = {
						CreatedOnToolsVersion = 9.3.1;
						LastSwiftMigration = 0940;
					};
				};
			};
			buildConfigurationList = 5314B1F820BE97420024AAE3 /* Build configuration list for PBXProject "HomeRobot" */;
			compatibilityVersion = "Xcode 9.3";
			developmentRegion = en;
			hasScannedForEncodings = 0;
			knownRegions = (
				en,
				Base,
			);
			mainGroup = 5314B1F420BE97420024AAE3;
			productRefGroup = 5314B1FE20BE97420024AAE3 /* Products */;
			projectDirPath = "";
			projectRoot = "";
			targets = (
				5314B1FC20BE97420024AAE3 /* HomeRobot */,
			);
		};
/* End PBXProject section */

/* Begin PBXResourcesBuildPhase section */
		5314B1FB20BE97420024AAE3 /* Resources */ = {
			isa = PBXResourcesBuildPhase;
			buildActionMask = 2147483647;
			files = (
				42F4B5A820C338E70064C31A /* pin.scn in Resources */,
				42F4B5A420C327090064C31A /* bot-wifi@2x.png in Resources */,
				5314B20B20BE97430024AAE3 /* LaunchScreen.storyboard in Resources */,
				5314B20820BE97430024AAE3 /* Assets.xcassets in Resources */,
				5314B20620BE97420024AAE3 /* Main.storyboard in Resources */,
				42F4B5A520C327090064C31A /* bot-plug@2x.png in Resources */,
				42F4B5A620C327090064C31A /* bot@2x.png in Resources */,
				426F035B20C1FFC800A7E790 /* map-thumb.png in Resources */,
			);
			runOnlyForDeploymentPostprocessing = 0;
		};
/* End PBXResourcesBuildPhase section */

/* Begin PBXSourcesBuildPhase section */
		5314B1F920BE97420024AAE3 /* Sources */ = {
			isa = PBXSourcesBuildPhase;
			buildActionMask = 2147483647;
			files = (
				426F035320C09F6600A7E790 /* MapListController.swift in Sources */,
				5314B20320BE97420024AAE3 /* ViewController.swift in Sources */,
				42F4B59B20C3148F0064C31A /* SCN+Codable.swift in Sources */,
				426F036520C22F9600A7E790 /* ImageHelper.swift in Sources */,
				426F036020C2170300A7E790 /* WifiServiceManager.swift in Sources */,
				426F036120C2170300A7E790 /* ShapeManager.swift in Sources */,
				426F036320C2170300A7E790 /* ShapeType.swift in Sources */,
				42F4B5AA20C345D90064C31A /* TouchDriveView.swift in Sources */,
				5314B20120BE97420024AAE3 /* AppDelegate.swift in Sources */,
				426F036C20C2384A00A7E790 /* SCNVector4+Extensions.swift in Sources */,
				426F035120C09BA300A7E790 /* ARCloud.swift in Sources */,
				426F036A20C2384A00A7E790 /* SCNVector3+Extensions.swift in Sources */,
				42F4B5A020C31A3B0064C31A /* RobotMessages.swift in Sources */,
				426F036B20C2384A00A7E790 /* SKLine.swift in Sources */,
			);
			runOnlyForDeploymentPostprocessing = 0;
		};
/* End PBXSourcesBuildPhase section */

/* Begin PBXVariantGroup section */
		5314B20420BE97420024AAE3 /* Main.storyboard */ = {
			isa = PBXVariantGroup;
			children = (
				5314B20520BE97420024AAE3 /* Base */,
			);
			name = Main.storyboard;
			sourceTree = "<group>";
		};
		5314B20920BE97430024AAE3 /* LaunchScreen.storyboard */ = {
			isa = PBXVariantGroup;
			children = (
				5314B20A20BE97430024AAE3 /* Base */,
			);
			name = LaunchScreen.storyboard;
			sourceTree = "<group>";
		};
/* End PBXVariantGroup section */

/* Begin XCBuildConfiguration section */
		5314B20D20BE97430024AAE3 /* Debug */ = {
			isa = XCBuildConfiguration;
			buildSettings = {
				ALWAYS_SEARCH_USER_PATHS = NO;
				CLANG_ANALYZER_NONNULL = YES;
				CLANG_ANALYZER_NUMBER_OBJECT_CONVERSION = YES_AGGRESSIVE;
				CLANG_CXX_LANGUAGE_STANDARD = "gnu++14";
				CLANG_CXX_LIBRARY = "libc++";
				CLANG_ENABLE_MODULES = YES;
				CLANG_ENABLE_OBJC_ARC = YES;
				CLANG_ENABLE_OBJC_WEAK = YES;
				CLANG_WARN_BLOCK_CAPTURE_AUTORELEASING = YES;
				CLANG_WARN_BOOL_CONVERSION = YES;
				CLANG_WARN_COMMA = YES;
				CLANG_WARN_CONSTANT_CONVERSION = YES;
				CLANG_WARN_DEPRECATED_OBJC_IMPLEMENTATIONS = YES;
				CLANG_WARN_DIRECT_OBJC_ISA_USAGE = YES_ERROR;
				CLANG_WARN_DOCUMENTATION_COMMENTS = YES;
				CLANG_WARN_EMPTY_BODY = YES;
				CLANG_WARN_ENUM_CONVERSION = YES;
				CLANG_WARN_INFINITE_RECURSION = YES;
				CLANG_WARN_INT_CONVERSION = YES;
				CLANG_WARN_NON_LITERAL_NULL_CONVERSION = YES;
				CLANG_WARN_OBJC_IMPLICIT_RETAIN_SELF = YES;
				CLANG_WARN_OBJC_LITERAL_CONVERSION = YES;
				CLANG_WARN_OBJC_ROOT_CLASS = YES_ERROR;
				CLANG_WARN_RANGE_LOOP_ANALYSIS = YES;
				CLANG_WARN_STRICT_PROTOTYPES = YES;
				CLANG_WARN_SUSPICIOUS_MOVE = YES;
				CLANG_WARN_UNGUARDED_AVAILABILITY = YES_AGGRESSIVE;
				CLANG_WARN_UNREACHABLE_CODE = YES;
				CLANG_WARN__DUPLICATE_METHOD_MATCH = YES;
				CODE_SIGN_IDENTITY = "iPhone Developer";
				COPY_PHASE_STRIP = NO;
				DEBUG_INFORMATION_FORMAT = dwarf;
				ENABLE_STRICT_OBJC_MSGSEND = YES;
				ENABLE_TESTABILITY = YES;
				GCC_C_LANGUAGE_STANDARD = gnu11;
				GCC_DYNAMIC_NO_PIC = NO;
				GCC_NO_COMMON_BLOCKS = YES;
				GCC_OPTIMIZATION_LEVEL = 0;
				GCC_PREPROCESSOR_DEFINITIONS = (
					"DEBUG=1",
					"$(inherited)",
				);
				GCC_WARN_64_TO_32_BIT_CONVERSION = YES;
				GCC_WARN_ABOUT_RETURN_TYPE = YES_ERROR;
				GCC_WARN_UNDECLARED_SELECTOR = YES;
				GCC_WARN_UNINITIALIZED_AUTOS = YES_AGGRESSIVE;
				GCC_WARN_UNUSED_FUNCTION = YES;
				GCC_WARN_UNUSED_VARIABLE = YES;
				IPHONEOS_DEPLOYMENT_TARGET = 11.3;
				MTL_ENABLE_DEBUG_INFO = YES;
				ONLY_ACTIVE_ARCH = YES;
				SDKROOT = iphoneos;
				SWIFT_ACTIVE_COMPILATION_CONDITIONS = DEBUG;
				SWIFT_OPTIMIZATION_LEVEL = "-Onone";
			};
			name = Debug;
		};
		5314B20E20BE97430024AAE3 /* Release */ = {
			isa = XCBuildConfiguration;
			buildSettings = {
				ALWAYS_SEARCH_USER_PATHS = NO;
				CLANG_ANALYZER_NONNULL = YES;
				CLANG_ANALYZER_NUMBER_OBJECT_CONVERSION = YES_AGGRESSIVE;
				CLANG_CXX_LANGUAGE_STANDARD = "gnu++14";
				CLANG_CXX_LIBRARY = "libc++";
				CLANG_ENABLE_MODULES = YES;
				CLANG_ENABLE_OBJC_ARC = YES;
				CLANG_ENABLE_OBJC_WEAK = YES;
				CLANG_WARN_BLOCK_CAPTURE_AUTORELEASING = YES;
				CLANG_WARN_BOOL_CONVERSION = YES;
				CLANG_WARN_COMMA = YES;
				CLANG_WARN_CONSTANT_CONVERSION = YES;
				CLANG_WARN_DEPRECATED_OBJC_IMPLEMENTATIONS = YES;
				CLANG_WARN_DIRECT_OBJC_ISA_USAGE = YES_ERROR;
				CLANG_WARN_DOCUMENTATION_COMMENTS = YES;
				CLANG_WARN_EMPTY_BODY = YES;
				CLANG_WARN_ENUM_CONVERSION = YES;
				CLANG_WARN_INFINITE_RECURSION = YES;
				CLANG_WARN_INT_CONVERSION = YES;
				CLANG_WARN_NON_LITERAL_NULL_CONVERSION = YES;
				CLANG_WARN_OBJC_IMPLICIT_RETAIN_SELF = YES;
				CLANG_WARN_OBJC_LITERAL_CONVERSION = YES;
				CLANG_WARN_OBJC_ROOT_CLASS = YES_ERROR;
				CLANG_WARN_RANGE_LOOP_ANALYSIS = YES;
				CLANG_WARN_STRICT_PROTOTYPES = YES;
				CLANG_WARN_SUSPICIOUS_MOVE = YES;
				CLANG_WARN_UNGUARDED_AVAILABILITY = YES_AGGRESSIVE;
				CLANG_WARN_UNREACHABLE_CODE = YES;
				CLANG_WARN__DUPLICATE_METHOD_MATCH = YES;
				CODE_SIGN_IDENTITY = "iPhone Developer";
				COPY_PHASE_STRIP = NO;
				DEBUG_INFORMATION_FORMAT = "dwarf-with-dsym";
				ENABLE_NS_ASSERTIONS = NO;
				ENABLE_STRICT_OBJC_MSGSEND = YES;
				GCC_C_LANGUAGE_STANDARD = gnu11;
				GCC_NO_COMMON_BLOCKS = YES;
				GCC_WARN_64_TO_32_BIT_CONVERSION = YES;
				GCC_WARN_ABOUT_RETURN_TYPE = YES_ERROR;
				GCC_WARN_UNDECLARED_SELECTOR = YES;
				GCC_WARN_UNINITIALIZED_AUTOS = YES_AGGRESSIVE;
				GCC_WARN_UNUSED_FUNCTION = YES;
				GCC_WARN_UNUSED_VARIABLE = YES;
				IPHONEOS_DEPLOYMENT_TARGET = 11.3;
				MTL_ENABLE_DEBUG_INFO = NO;
				SDKROOT = iphoneos;
				SWIFT_COMPILATION_MODE = wholemodule;
				SWIFT_OPTIMIZATION_LEVEL = "-O";
				VALIDATE_PRODUCT = YES;
			};
			name = Release;
		};
		5314B21020BE97430024AAE3 /* Debug */ = {
			isa = XCBuildConfiguration;
			buildSettings = {
				ASSETCATALOG_COMPILER_APPICON_NAME = AppIcon;
				CLANG_ENABLE_MODULES = YES;
				CODE_SIGN_STYLE = Automatic;
				DEVELOPMENT_TEAM = 34FWY7G2HB;
				ENABLE_BITCODE = NO;
				FRAMEWORK_SEARCH_PATHS = (
					"$(inherited)",
					"$(PROJECT_DIR)/HomeRobot/Frameworks",
					"$(PROJECT_DIR)/HomeRobot/Frameworks/Placenote",
					"$(PROJECT_DIR)/HomeRobot/Frameworks/PlacenoteSDK",
				);
				HEADER_SEARCH_PATHS = "$(PROJECT_DIR)/HomeRobot/Frameworks/PlacenoteSDK.framework/Headers/";
				INFOPLIST_FILE = HomeRobot/Info.plist;
				IPHONEOS_DEPLOYMENT_TARGET = 11.1;
				LD_RUNPATH_SEARCH_PATHS = (
					"$(inherited)",
					"@executable_path/Frameworks",
				);
				PRODUCT_BUNDLE_IDENTIFIER = com.laan.labs.HomeRobot;
				PRODUCT_NAME = "$(TARGET_NAME)";
				SWIFT_OBJC_BRIDGING_HEADER = "HomeRobot/HomeRobot-Bridging-Header.h";
				SWIFT_OPTIMIZATION_LEVEL = "-Onone";
				SWIFT_VERSION = 4.0;
				TARGETED_DEVICE_FAMILY = "1,2";
			};
			name = Debug;
		};
		5314B21120BE97430024AAE3 /* Release */ = {
			isa = XCBuildConfiguration;
			buildSettings = {
				ASSETCATALOG_COMPILER_APPICON_NAME = AppIcon;
				CLANG_ENABLE_MODULES = YES;
				CODE_SIGN_STYLE = Automatic;
				DEVELOPMENT_TEAM = 34FWY7G2HB;
				ENABLE_BITCODE = NO;
				FRAMEWORK_SEARCH_PATHS = (
					"$(inherited)",
					"$(PROJECT_DIR)/HomeRobot/Frameworks",
					"$(PROJECT_DIR)/HomeRobot/Frameworks/Placenote",
					"$(PROJECT_DIR)/HomeRobot/Frameworks/PlacenoteSDK",
				);
				HEADER_SEARCH_PATHS = "$(PROJECT_DIR)/HomeRobot/Frameworks/PlacenoteSDK.framework/Headers/";
				INFOPLIST_FILE = HomeRobot/Info.plist;
				IPHONEOS_DEPLOYMENT_TARGET = 11.1;
				LD_RUNPATH_SEARCH_PATHS = (
					"$(inherited)",
					"@executable_path/Frameworks",
				);
				PRODUCT_BUNDLE_IDENTIFIER = com.laan.labs.HomeRobot;
				PRODUCT_NAME = "$(TARGET_NAME)";
				SWIFT_OBJC_BRIDGING_HEADER = "HomeRobot/HomeRobot-Bridging-Header.h";
				SWIFT_VERSION = 4.0;
				TARGETED_DEVICE_FAMILY = "1,2";
			};
			name = Release;
		};
/* End XCBuildConfiguration section */

/* Begin XCConfigurationList section */
		5314B1F820BE97420024AAE3 /* Build configuration list for PBXProject "HomeRobot" */ = {
			isa = XCConfigurationList;
			buildConfigurations = (
				5314B20D20BE97430024AAE3 /* Debug */,
				5314B20E20BE97430024AAE3 /* Release */,
			);
			defaultConfigurationIsVisible = 0;
			defaultConfigurationName = Release;
		};
		5314B20F20BE97430024AAE3 /* Build configuration list for PBXNativeTarget "HomeRobot" */ = {
			isa = XCConfigurationList;
			buildConfigurations = (
				5314B21020BE97430024AAE3 /* Debug */,
				5314B21120BE97430024AAE3 /* Release */,
			);
			defaultConfigurationIsVisible = 0;
			defaultConfigurationName = Release;
		};
/* End XCConfigurationList section */
	};
	rootObject = 5314B1F520BE97420024AAE3 /* Project object */;
}
